
Microsoft Visual Studio Solution File, Format Version 12.00
# Visual Studio Version 17
VisualStudioVersion = 17.4.33213.308
MinimumVisualStudioVersion = 10.0.40219.1
Project("{9A19103F-16F7-4668-BE54-9A1E7A4F7556}") = "IMW.Common", "IMW.Common\IMW.Common.csproj", "{B5DAFEBD-86EE-457A-9AE2-AC006D51A0A1}"
EndProject
Project("{9A19103F-16F7-4668-BE54-9A1E7A4F7556}") = "IMW.DAL", "IMW.DAL\IMW.DAL.csproj", "{2452F48C-9987-4F5E-B806-91EF693825E1}"
EndProject
Project("{9A19103F-16F7-4668-BE54-9A1E7A4F7556}") = "IMW.WinUI", "IMW.WinUI\IMW.WinUI.csproj", "{4CF743FA-DAFD-4139-A27E-F02BA9877176}"
EndProject
Project("{9A19103F-16F7-4668-BE54-9A1E7A4F7556}") = "IMW.DB", "IMW.DB\IMW.DB.csproj", "{1A75FBDC-3FC5-4EA9-B257-A335B59FAF5B}"
EndProject
Project("{FAE04EC0-301F-11D3-BF4B-00C04F79EFBC}") = "ISCService", "ISCService\ISCService.csproj", "{5CF00DB2-15EB-4106-8B6E-09813E90B4FA}"
EndProject
Project("{54435603-DBB4-11D2-8724-00A0C9A8B90C}") = "ISCSetup", "ISCSetup\ISCSetup.vdproj", "{0DCE17F0-295A-4D07-9DA1-0DF2D566ABF6}"
EndProject
Global
	GlobalSection(SolutionConfigurationPlatforms) = preSolution
		Debug|Any CPU = Debug|Any CPU
		Debug|x86 = Debug|x86
		Release|Any CPU = Release|Any CPU
		Release|x86 = Release|x86
	EndGlobalSection
	GlobalSection(ProjectConfigurationPlatforms) = postSolution
		{B5DAFEBD-86EE-457A-9AE2-AC006D51A0A1}.Debug|Any CPU.ActiveCfg = Debug|Any CPU
		{B5DAFEBD-86EE-457A-9AE2-AC006D51A0A1}.Debug|Any CPU.Build.0 = Debug|Any CPU
		{B5DAFEBD-86EE-457A-9AE2-AC006D51A0A1}.Debug|x86.ActiveCfg = Debug|x86
		{B5DAFEBD-86EE-457A-9AE2-AC006D51A0A1}.Debug|x86.Build.0 = Debug|x86
		{B5DAFEBD-86EE-457A-9AE2-AC006D51A0A1}.Release|Any CPU.ActiveCfg = Release|Any CPU
		{B5DAFEBD-86EE-457A-9AE2-AC006D51A0A1}.Release|Any CPU.Build.0 = Release|Any CPU
		{B5DAFEBD-86EE-457A-9AE2-AC006D51A0A1}.Release|x86.ActiveCfg = Release|x86
		{B5DAFEBD-86EE-457A-9AE2-AC006D51A0A1}.Release|x86.Build.0 = Release|x86
		{2452F48C-9987-4F5E-B806-91EF693825E1}.Debug|Any CPU.ActiveCfg = Debug|Any CPU
		{2452F48C-9987-4F5E-B806-91EF693825E1}.Debug|Any CPU.Build.0 = Debug|Any CPU
		{2452F48C-9987-4F5E-B806-91EF693825E1}.Debug|x86.ActiveCfg = Debug|x86
		{2452F48C-9987-4F5E-B806-91EF693825E1}.Debug|x86.Build.0 = Debug|x86
		{2452F48C-9987-4F5E-B806-91EF693825E1}.Release|Any CPU.ActiveCfg = Release|Any CPU
		{2452F48C-9987-4F5E-B806-91EF693825E1}.Release|Any CPU.Build.0 = Release|Any CPU
		{2452F48C-9987-4F5E-B806-91EF693825E1}.Release|x86.ActiveCfg = Release|x86
		{2452F48C-9987-4F5E-B806-91EF693825E1}.Release|x86.Build.0 = Release|x86
		{4CF743FA-DAFD-4139-A27E-F02BA9877176}.Debug|Any CPU.ActiveCfg = Debug|Any CPU
		{4CF743FA-DAFD-4139-A27E-F02BA9877176}.Debug|Any CPU.Build.0 = Debug|Any CPU
		{4CF743FA-DAFD-4139-A27E-F02BA9877176}.Debug|x86.ActiveCfg = Debug|x86
		{4CF743FA-DAFD-4139-A27E-F02BA9877176}.Debug|x86.Build.0 = Debug|x86
		{4CF743FA-DAFD-4139-A27E-F02BA9877176}.Release|Any CPU.ActiveCfg = Release|Any CPU
		{4CF743FA-DAFD-4139-A27E-F02BA9877176}.Release|Any CPU.Build.0 = Release|Any CPU
		{4CF743FA-DAFD-4139-A27E-F02BA9877176}.Release|x86.ActiveCfg = Release|x86
		{4CF743FA-DAFD-4139-A27E-F02BA9877176}.Release|x86.Build.0 = Release|x86
		{1A75FBDC-3FC5-4EA9-B257-A335B59FAF5B}.Debug|Any CPU.ActiveCfg = Debug|Any CPU
		{1A75FBDC-3FC5-4EA9-B257-A335B59FAF5B}.Debug|Any CPU.Build.0 = Debug|Any CPU
		{1A75FBDC-3FC5-4EA9-B257-A335B59FAF5B}.Debug|x86.ActiveCfg = Debug|Any CPU
		{1A75FBDC-3FC5-4EA9-B257-A335B59FAF5B}.Debug|x86.Build.0 = Debug|Any CPU
		{1A75FBDC-3FC5-4EA9-B257-A335B59FAF5B}.Release|Any CPU.ActiveCfg = Release|Any CPU
		{1A75FBDC-3FC5-4EA9-B257-A335B59FAF5B}.Release|Any CPU.Build.0 = Release|Any CPU
		{1A75FBDC-3FC5-4EA9-B257-A335B59FAF5B}.Release|x86.ActiveCfg = Release|Any CPU
		{1A75FBDC-3FC5-4EA9-B257-A335B59FAF5B}.Release|x86.Build.0 = Release|Any CPU
		{5CF00DB2-15EB-4106-8B6E-09813E90B4FA}.Debug|Any CPU.ActiveCfg = Debug|Any CPU
		{5CF00DB2-15EB-4106-8B6E-09813E90B4FA}.Debug|Any CPU.Build.0 = Debug|Any CPU
		{5CF00DB2-15EB-4106-8B6E-09813E90B4FA}.Debug|x86.ActiveCfg = Debug|Any CPU
		{5CF00DB2-15EB-4106-8B6E-09813E90B4FA}.Debug|x86.Build.0 = Debug|Any CPU
		{5CF00DB2-15EB-4106-8B6E-09813E90B4FA}.Release|Any CPU.ActiveCfg = Release|Any CPU
		{5CF00DB2-15EB-4106-8B6E-09813E90B4FA}.Release|Any CPU.Build.0 = Release|Any CPU
		{5CF00DB2-15EB-4106-8B6E-09813E90B4FA}.Release|x86.ActiveCfg = Release|Any CPU
		{5CF00DB2-15EB-4106-8B6E-09813E90B4FA}.Release|x86.Build.0 = Release|Any CPU
		{0DCE17F0-295A-4D07-9DA1-0DF2D566ABF6}.Debug|Any CPU.ActiveCfg = Debug
		{0DCE17F0-295A-4D07-9DA1-0DF2D566ABF6}.Debug|x86.ActiveCfg = Debug
		{0DCE17F0-295A-4D07-9DA1-0DF2D566ABF6}.Release|Any CPU.ActiveCfg = Release
		{0DCE17F0-295A-4D07-9DA1-0DF2D566ABF6}.Release|x86.ActiveCfg = Release
	EndGlobalSection
	GlobalSection(SolutionProperties) = preSolution
		HideSolutionNode = FALSE
	EndGlobalSection
	GlobalSection(ExtensibilityGlobals) = postSolution
		SolutionGuid = {9291EF4D-4B1D-494A-9503-B252630E62E2}
	EndGlobalSection
EndGlobal
